
Microsoft Visual Studio Solution File, Format Version 12.00
# Visual Studio Version 17
VisualStudioVersion = 17.11.35303.130
MinimumVisualStudioVersion = 10.0.40219.1
Project("{9A19103F-16F7-4668-BE54-9A1E7A4F7556}") = "CamposDealer.Domain", "CamposDealer.Core\CamposDealer.Domain.csproj", "{52F489D0-C9C8-4E60-BB13-468263696064}"
EndProject
Project("{9A19103F-16F7-4668-BE54-9A1E7A4F7556}") = "CamposDealer.Application", "CamposDealer.Application\CamposDealer.Application.csproj", "{6F59D4D2-F618-4022-9403-30AABE8C7525}"
EndProject
Project("{9A19103F-16F7-4668-BE54-9A1E7A4F7556}") = "CamposDealer.Persistence", "CamposDealer.Persistence\CamposDealer.Persistence.csproj", "{2B1A3D5D-D1BC-4893-A2EF-D92607B4692A}"
EndProject
Project("{9A19103F-16F7-4668-BE54-9A1E7A4F7556}") = "CamposDealer.Presentation", "CamposDealer.Presentation\CamposDealer.Presentation.csproj", "{49DC6DC3-B5CC-4191-A06B-284FCBEED0D9}"
EndProject
Project("{E53339B2-1760-4266-BCC7-CA923CBCF16C}") = "docker-compose", "docker-compose.dcproj", "{23FFBBEA-BE2C-4E61-A75F-A4346EAAAD74}"
EndProject
Global
	GlobalSection(SolutionConfigurationPlatforms) = preSolution
		Debug|Any CPU = Debug|Any CPU
		Release|Any CPU = Release|Any CPU
	EndGlobalSection
	GlobalSection(ProjectConfigurationPlatforms) = postSolution
		{52F489D0-C9C8-4E60-BB13-468263696064}.Debug|Any CPU.ActiveCfg = Debug|Any CPU
		{52F489D0-C9C8-4E60-BB13-468263696064}.Debug|Any CPU.Build.0 = Debug|Any CPU
		{52F489D0-C9C8-4E60-BB13-468263696064}.Release|Any CPU.ActiveCfg = Release|Any CPU
		{52F489D0-C9C8-4E60-BB13-468263696064}.Release|Any CPU.Build.0 = Release|Any CPU
		{6F59D4D2-F618-4022-9403-30AABE8C7525}.Debug|Any CPU.ActiveCfg = Debug|Any CPU
		{6F59D4D2-F618-4022-9403-30AABE8C7525}.Debug|Any CPU.Build.0 = Debug|Any CPU
		{6F59D4D2-F618-4022-9403-30AABE8C7525}.Release|Any CPU.ActiveCfg = Release|Any CPU
		{6F59D4D2-F618-4022-9403-30AABE8C7525}.Release|Any CPU.Build.0 = Release|Any CPU
		{2B1A3D5D-D1BC-4893-A2EF-D92607B4692A}.Debug|Any CPU.ActiveCfg = Debug|Any CPU
		{2B1A3D5D-D1BC-4893-A2EF-D92607B4692A}.Debug|Any CPU.Build.0 = Debug|Any CPU
		{2B1A3D5D-D1BC-4893-A2EF-D92607B4692A}.Release|Any CPU.ActiveCfg = Release|Any CPU
		{2B1A3D5D-D1BC-4893-A2EF-D92607B4692A}.Release|Any CPU.Build.0 = Release|Any CPU
		{49DC6DC3-B5CC-4191-A06B-284FCBEED0D9}.Debug|Any CPU.ActiveCfg = Debug|Any CPU
		{49DC6DC3-B5CC-4191-A06B-284FCBEED0D9}.Debug|Any CPU.Build.0 = Debug|Any CPU
		{49DC6DC3-B5CC-4191-A06B-284FCBEED0D9}.Release|Any CPU.ActiveCfg = Release|Any CPU
		{49DC6DC3-B5CC-4191-A06B-284FCBEED0D9}.Release|Any CPU.Build.0 = Release|Any CPU
		{23FFBBEA-BE2C-4E61-A75F-A4346EAAAD74}.Debug|Any CPU.ActiveCfg = Debug|Any CPU
		{23FFBBEA-BE2C-4E61-A75F-A4346EAAAD74}.Debug|Any CPU.Build.0 = Debug|Any CPU
		{23FFBBEA-BE2C-4E61-A75F-A4346EAAAD74}.Release|Any CPU.ActiveCfg = Release|Any CPU
		{23FFBBEA-BE2C-4E61-A75F-A4346EAAAD74}.Release|Any CPU.Build.0 = Release|Any CPU
	EndGlobalSection
	GlobalSection(SolutionProperties) = preSolution
		HideSolutionNode = FALSE
	EndGlobalSection
	GlobalSection(ExtensibilityGlobals) = postSolution
		SolutionGuid = {5C13B9D5-5813-475E-B2F9-E13DAAFF1FA9}
	EndGlobalSection
EndGlobal
